{
  "requires": true,
  "lockfileVersion": 1,
  "dependencies": {
    "python-enum": {
      "version": "1.0.0",
      "resolved": "https://npm-verdaccio.bt.co/python-enum/-/python-enum-1.0.0.tgz",
      "integrity": "sha512-AaI7uCeBwyKaXTTvCC8GkRuRVNeIBgYrycp7MWcTXTk+xCKFpTCdf65lj/PE/uS9AkbjILF1Y/C+KdAqW1h5Dg=="
    }
  }
}
